
Microsoft Visual Studio Solution File, Format Version 12.00
# Visual Studio 15
VisualStudioVersion = 15.0.28307.421
MinimumVisualStudioVersion = 10.0.40219.1
Project("{9A19103F-16F7-4668-BE54-9A1E7A4F7556}") = "RazorMailer.Tests", "RazorMailer.Tests\RazorMailer.Tests.csproj", "{0270761E-B068-43FD-B2B9-FB4798E2F49F}"
EndProject
Project("{9A19103F-16F7-4668-BE54-9A1E7A4F7556}") = "RazorMailer.WebJob", "RazorMailer.WebJob\RazorMailer.WebJob.csproj", "{90242AA1-7FC8-4AE5-9E7F-9FFF33C392EF}"
EndProject
Project("{9A19103F-16F7-4668-BE54-9A1E7A4F7556}") = "RazorMailer", "RazorMailer\RazorMailer.csproj", "{12B9506B-803D-4072-BE0A-760E44DE568C}"
EndProject
Global
	GlobalSection(SolutionConfigurationPlatforms) = preSolution
		Debug|Any CPU = Debug|Any CPU
		Release|Any CPU = Release|Any CPU
	EndGlobalSection
	GlobalSection(ProjectConfigurationPlatforms) = postSolution
		{0270761E-B068-43FD-B2B9-FB4798E2F49F}.Debug|Any CPU.ActiveCfg = Debug|Any CPU
		{0270761E-B068-43FD-B2B9-FB4798E2F49F}.Debug|Any CPU.Build.0 = Debug|Any CPU
		{0270761E-B068-43FD-B2B9-FB4798E2F49F}.Release|Any CPU.ActiveCfg = Release|Any CPU
		{0270761E-B068-43FD-B2B9-FB4798E2F49F}.Release|Any CPU.Build.0 = Release|Any CPU
		{90242AA1-7FC8-4AE5-9E7F-9FFF33C392EF}.Debug|Any CPU.ActiveCfg = Debug|Any CPU
		{90242AA1-7FC8-4AE5-9E7F-9FFF33C392EF}.Debug|Any CPU.Build.0 = Debug|Any CPU
		{90242AA1-7FC8-4AE5-9E7F-9FFF33C392EF}.Release|Any CPU.ActiveCfg = Release|Any CPU
		{90242AA1-7FC8-4AE5-9E7F-9FFF33C392EF}.Release|Any CPU.Build.0 = Release|Any CPU
		{12B9506B-803D-4072-BE0A-760E44DE568C}.Debug|Any CPU.ActiveCfg = Debug|Any CPU
		{12B9506B-803D-4072-BE0A-760E44DE568C}.Debug|Any CPU.Build.0 = Debug|Any CPU
		{12B9506B-803D-4072-BE0A-760E44DE568C}.Release|Any CPU.ActiveCfg = Release|Any CPU
		{12B9506B-803D-4072-BE0A-760E44DE568C}.Release|Any CPU.Build.0 = Release|Any CPU
	EndGlobalSection
	GlobalSection(SolutionProperties) = preSolution
		HideSolutionNode = FALSE
	EndGlobalSection
	GlobalSection(ExtensibilityGlobals) = postSolution
		SolutionGuid = {5966BB11-82D7-4782-91E3-5225064ACDE3}
	EndGlobalSection
EndGlobal
